
Microsoft Visual Studio Solution File, Format Version 12.00
# Visual Studio 15
VisualStudioVersion = 15.0.26430.6
MinimumVisualStudioVersion = 10.0.40219.1
Project("{FAE04EC0-301F-11D3-BF4B-00C04F79EFBC}") = "Passed", "Passed\Passed\Passed.csproj", "{CA088F41-0DAB-409D-8D5C-14E76C75DC2D}"
EndProject
Project("{FAE04EC0-301F-11D3-BF4B-00C04F79EFBC}") = "BackIn30Mins", "BackIn30Mins\BackIn30Mins.csproj", "{A813077A-8CFD-4209-9A2B-7932BB8519A2}"
EndProject
Project("{FAE04EC0-301F-11D3-BF4B-00C04F79EFBC}") = "MonthPrinter", "MonthPrinter\MonthPrinter.csproj", "{76F0801A-D133-42CF-A4A9-852C704E2D2A}"
EndProject
Project("{FAE04EC0-301F-11D3-BF4B-00C04F79EFBC}") = "Languages", "Languages\Languages.csproj", "{1F880B2D-BE62-4C65-8D52-0AC8B4F5DC6F}"
EndProject
Project("{FAE04EC0-301F-11D3-BF4B-00C04F79EFBC}") = "Theater", "Theater\Theater.csproj", "{0B519E59-8267-48BC-A701-D64EF79C7910}"
EndProject
Project("{FAE04EC0-301F-11D3-BF4B-00C04F79EFBC}") = "DivisibleBy3", "DivisibleBy3\DivisibleBy3.csproj", "{0DEB3AD7-FABE-4F78-8D38-EC1CCAC950D3}"
EndProject
Project("{FAE04EC0-301F-11D3-BF4B-00C04F79EFBC}") = "OddNumbersSum", "OddNumbersSum\OddNumbersSum.csproj", "{07F712E9-DE31-4DE1-B8ED-0C9C80199A7A}"
EndProject
Project("{FAE04EC0-301F-11D3-BF4B-00C04F79EFBC}") = "MultiplicationTable", "MultiplicationTable\MultiplicationTable.csproj", "{6ECDAAC0-E2E6-4A23-BE7C-6490CA33B456}"
EndProject
Project("{FAE04EC0-301F-11D3-BF4B-00C04F79EFBC}") = "MultiplicationTable2", "MultiplicationTable2\MultiplicationTable2.csproj", "{6AD94B5A-5307-40B6-BDE5-C0C49C4913F4}"
EndProject
Project("{FAE04EC0-301F-11D3-BF4B-00C04F79EFBC}") = "EnterOddNumber", "EnterOddNumber\EnterOddNumber.csproj", "{5F3732CA-FFC2-47CA-97BD-D1EF9F2134F1}"
EndProject
Project("{FAE04EC0-301F-11D3-BF4B-00C04F79EFBC}") = "NumberChecker", "NumberChecker\NumberChecker.csproj", "{A291392A-DAC1-4767-8237-40EC3A9A0C87}"
EndProject
Global
	GlobalSection(SolutionConfigurationPlatforms) = preSolution
		Debug|Any CPU = Debug|Any CPU
		Release|Any CPU = Release|Any CPU
	EndGlobalSection
	GlobalSection(ProjectConfigurationPlatforms) = postSolution
		{CA088F41-0DAB-409D-8D5C-14E76C75DC2D}.Debug|Any CPU.ActiveCfg = Debug|Any CPU
		{CA088F41-0DAB-409D-8D5C-14E76C75DC2D}.Debug|Any CPU.Build.0 = Debug|Any CPU
		{CA088F41-0DAB-409D-8D5C-14E76C75DC2D}.Release|Any CPU.ActiveCfg = Release|Any CPU
		{CA088F41-0DAB-409D-8D5C-14E76C75DC2D}.Release|Any CPU.Build.0 = Release|Any CPU
		{A813077A-8CFD-4209-9A2B-7932BB8519A2}.Debug|Any CPU.ActiveCfg = Debug|Any CPU
		{A813077A-8CFD-4209-9A2B-7932BB8519A2}.Debug|Any CPU.Build.0 = Debug|Any CPU
		{A813077A-8CFD-4209-9A2B-7932BB8519A2}.Release|Any CPU.ActiveCfg = Release|Any CPU
		{A813077A-8CFD-4209-9A2B-7932BB8519A2}.Release|Any CPU.Build.0 = Release|Any CPU
		{76F0801A-D133-42CF-A4A9-852C704E2D2A}.Debug|Any CPU.ActiveCfg = Debug|Any CPU
		{76F0801A-D133-42CF-A4A9-852C704E2D2A}.Debug|Any CPU.Build.0 = Debug|Any CPU
		{76F0801A-D133-42CF-A4A9-852C704E2D2A}.Release|Any CPU.ActiveCfg = Release|Any CPU
		{76F0801A-D133-42CF-A4A9-852C704E2D2A}.Release|Any CPU.Build.0 = Release|Any CPU
		{1F880B2D-BE62-4C65-8D52-0AC8B4F5DC6F}.Debug|Any CPU.ActiveCfg = Debug|Any CPU
		{1F880B2D-BE62-4C65-8D52-0AC8B4F5DC6F}.Debug|Any CPU.Build.0 = Debug|Any CPU
		{1F880B2D-BE62-4C65-8D52-0AC8B4F5DC6F}.Release|Any CPU.ActiveCfg = Release|Any CPU
		{1F880B2D-BE62-4C65-8D52-0AC8B4F5DC6F}.Release|Any CPU.Build.0 = Release|Any CPU
		{0B519E59-8267-48BC-A701-D64EF79C7910}.Debug|Any CPU.ActiveCfg = Debug|Any CPU
		{0B519E59-8267-48BC-A701-D64EF79C7910}.Debug|Any CPU.Build.0 = Debug|Any CPU
		{0B519E59-8267-48BC-A701-D64EF79C7910}.Release|Any CPU.ActiveCfg = Release|Any CPU
		{0B519E59-8267-48BC-A701-D64EF79C7910}.Release|Any CPU.Build.0 = Release|Any CPU
		{0DEB3AD7-FABE-4F78-8D38-EC1CCAC950D3}.Debug|Any CPU.ActiveCfg = Debug|Any CPU
		{0DEB3AD7-FABE-4F78-8D38-EC1CCAC950D3}.Debug|Any CPU.Build.0 = Debug|Any CPU
		{0DEB3AD7-FABE-4F78-8D38-EC1CCAC950D3}.Release|Any CPU.ActiveCfg = Release|Any CPU
		{0DEB3AD7-FABE-4F78-8D38-EC1CCAC950D3}.Release|Any CPU.Build.0 = Release|Any CPU
		{07F712E9-DE31-4DE1-B8ED-0C9C80199A7A}.Debug|Any CPU.ActiveCfg = Debug|Any CPU
		{07F712E9-DE31-4DE1-B8ED-0C9C80199A7A}.Debug|Any CPU.Build.0 = Debug|Any CPU
		{07F712E9-DE31-4DE1-B8ED-0C9C80199A7A}.Release|Any CPU.ActiveCfg = Release|Any CPU
		{07F712E9-DE31-4DE1-B8ED-0C9C80199A7A}.Release|Any CPU.Build.0 = Release|Any CPU
		{6ECDAAC0-E2E6-4A23-BE7C-6490CA33B456}.Debug|Any CPU.ActiveCfg = Debug|Any CPU
		{6ECDAAC0-E2E6-4A23-BE7C-6490CA33B456}.Debug|Any CPU.Build.0 = Debug|Any CPU
		{6ECDAAC0-E2E6-4A23-BE7C-6490CA33B456}.Release|Any CPU.ActiveCfg = Release|Any CPU
		{6ECDAAC0-E2E6-4A23-BE7C-6490CA33B456}.Release|Any CPU.Build.0 = Release|Any CPU
		{6AD94B5A-5307-40B6-BDE5-C0C49C4913F4}.Debug|Any CPU.ActiveCfg = Debug|Any CPU
		{6AD94B5A-5307-40B6-BDE5-C0C49C4913F4}.Debug|Any CPU.Build.0 = Debug|Any CPU
		{6AD94B5A-5307-40B6-BDE5-C0C49C4913F4}.Release|Any CPU.ActiveCfg = Release|Any CPU
		{6AD94B5A-5307-40B6-BDE5-C0C49C4913F4}.Release|Any CPU.Build.0 = Release|Any CPU
		{5F3732CA-FFC2-47CA-97BD-D1EF9F2134F1}.Debug|Any CPU.ActiveCfg = Debug|Any CPU
		{5F3732CA-FFC2-47CA-97BD-D1EF9F2134F1}.Debug|Any CPU.Build.0 = Debug|Any CPU
		{5F3732CA-FFC2-47CA-97BD-D1EF9F2134F1}.Release|Any CPU.ActiveCfg = Release|Any CPU
		{5F3732CA-FFC2-47CA-97BD-D1EF9F2134F1}.Release|Any CPU.Build.0 = Release|Any CPU
		{A291392A-DAC1-4767-8237-40EC3A9A0C87}.Debug|Any CPU.ActiveCfg = Debug|Any CPU
		{A291392A-DAC1-4767-8237-40EC3A9A0C87}.Debug|Any CPU.Build.0 = Debug|Any CPU
		{A291392A-DAC1-4767-8237-40EC3A9A0C87}.Release|Any CPU.ActiveCfg = Release|Any CPU
		{A291392A-DAC1-4767-8237-40EC3A9A0C87}.Release|Any CPU.Build.0 = Release|Any CPU
	EndGlobalSection
	GlobalSection(SolutionProperties) = preSolution
		HideSolutionNode = FALSE
	EndGlobalSection
EndGlobal
